
Microsoft Visual Studio Solution File, Format Version 12.00
# Visual Studio 15
VisualStudioVersion = 15.0.28307.902
MinimumVisualStudioVersion = 10.0.40219.1
Project("{9A19103F-16F7-4668-BE54-9A1E7A4F7556}") = "ConfigurationService", "src\ConfigurationService\ConfigurationService.csproj", "{EF191B0C-5DBF-4F10-81E9-7996263AC627}"
EndProject
Project("{9A19103F-16F7-4668-BE54-9A1E7A4F7556}") = "ConfigurationService.Core", "src\ConfigurationService.Core\ConfigurationService.Core.csproj", "{F44CC061-848A-412B-B64B-6E71A59F3FF8}"
EndProject
Project("{9A19103F-16F7-4668-BE54-9A1E7A4F7556}") = "ConfigurationService.Tests", "tests\ConfigurationService.Tests\ConfigurationService.Tests.csproj", "{313BD8F5-13B1-40AC-9B5E-A7C71FA0AC44}"
EndProject
Project("{FAE04EC0-301F-11D3-BF4B-00C04F79EFBC}") = "ConfigurationService.Common", "src\ConfigurationService.Common\ConfigurationService.Common.csproj", "{6E0F238C-928E-45D9-B324-A076846FB3C0}"
EndProject
Project("{FAE04EC0-301F-11D3-BF4B-00C04F79EFBC}") = "ConfigurationService.DataConsole", "src\ConfigurationService.DataConsole\ConfigurationService.DataConsole.csproj", "{9FFFE07F-E163-4ACF-ACAC-86F0C2B7944C}"
EndProject
Project("{FAE04EC0-301F-11D3-BF4B-00C04F79EFBC}") = "ConfigurationService.Data", "src\ConfigurationService.Data\ConfigurationService.Data.csproj", "{45A1D22F-176E-4602-8A58-3B39DE040C0F}"
EndProject
Global
	GlobalSection(SolutionConfigurationPlatforms) = preSolution
		Debug|Any CPU = Debug|Any CPU
		Release|Any CPU = Release|Any CPU
	EndGlobalSection
	GlobalSection(ProjectConfigurationPlatforms) = postSolution
		{EF191B0C-5DBF-4F10-81E9-7996263AC627}.Debug|Any CPU.ActiveCfg = Debug|Any CPU
		{EF191B0C-5DBF-4F10-81E9-7996263AC627}.Debug|Any CPU.Build.0 = Debug|Any CPU
		{EF191B0C-5DBF-4F10-81E9-7996263AC627}.Release|Any CPU.ActiveCfg = Release|Any CPU
		{EF191B0C-5DBF-4F10-81E9-7996263AC627}.Release|Any CPU.Build.0 = Release|Any CPU
		{F44CC061-848A-412B-B64B-6E71A59F3FF8}.Debug|Any CPU.ActiveCfg = Debug|Any CPU
		{F44CC061-848A-412B-B64B-6E71A59F3FF8}.Debug|Any CPU.Build.0 = Debug|Any CPU
		{F44CC061-848A-412B-B64B-6E71A59F3FF8}.Release|Any CPU.ActiveCfg = Release|Any CPU
		{F44CC061-848A-412B-B64B-6E71A59F3FF8}.Release|Any CPU.Build.0 = Release|Any CPU
		{313BD8F5-13B1-40AC-9B5E-A7C71FA0AC44}.Debug|Any CPU.ActiveCfg = Debug|Any CPU
		{313BD8F5-13B1-40AC-9B5E-A7C71FA0AC44}.Debug|Any CPU.Build.0 = Debug|Any CPU
		{313BD8F5-13B1-40AC-9B5E-A7C71FA0AC44}.Release|Any CPU.ActiveCfg = Release|Any CPU
		{313BD8F5-13B1-40AC-9B5E-A7C71FA0AC44}.Release|Any CPU.Build.0 = Release|Any CPU
		{6E0F238C-928E-45D9-B324-A076846FB3C0}.Debug|Any CPU.ActiveCfg = Debug|Any CPU
		{6E0F238C-928E-45D9-B324-A076846FB3C0}.Debug|Any CPU.Build.0 = Debug|Any CPU
		{6E0F238C-928E-45D9-B324-A076846FB3C0}.Release|Any CPU.ActiveCfg = Release|Any CPU
		{6E0F238C-928E-45D9-B324-A076846FB3C0}.Release|Any CPU.Build.0 = Release|Any CPU
		{9FFFE07F-E163-4ACF-ACAC-86F0C2B7944C}.Debug|Any CPU.ActiveCfg = Debug|Any CPU
		{9FFFE07F-E163-4ACF-ACAC-86F0C2B7944C}.Debug|Any CPU.Build.0 = Debug|Any CPU
		{9FFFE07F-E163-4ACF-ACAC-86F0C2B7944C}.Release|Any CPU.ActiveCfg = Release|Any CPU
		{9FFFE07F-E163-4ACF-ACAC-86F0C2B7944C}.Release|Any CPU.Build.0 = Release|Any CPU
		{45A1D22F-176E-4602-8A58-3B39DE040C0F}.Debug|Any CPU.ActiveCfg = Debug|Any CPU
		{45A1D22F-176E-4602-8A58-3B39DE040C0F}.Debug|Any CPU.Build.0 = Debug|Any CPU
		{45A1D22F-176E-4602-8A58-3B39DE040C0F}.Release|Any CPU.ActiveCfg = Release|Any CPU
		{45A1D22F-176E-4602-8A58-3B39DE040C0F}.Release|Any CPU.Build.0 = Release|Any CPU
	EndGlobalSection
	GlobalSection(SolutionProperties) = preSolution
		HideSolutionNode = FALSE
	EndGlobalSection
	GlobalSection(ExtensibilityGlobals) = postSolution
		SolutionGuid = {E758DB31-A03B-4360-866B-E99BD62599A7}
	EndGlobalSection
EndGlobal
